
Microsoft Visual Studio Solution File, Format Version 12.00
# Visual Studio 14
VisualStudioVersion = 14.0.25420.1
MinimumVisualStudioVersion = 10.0.40219.1
Project("{FAE04EC0-301F-11D3-BF4B-00C04F79EFBC}") = "MVC02", "MVC02\MVC02.csproj", "{31A8769F-9E24-4DDF-9188-F21E226FF032}"
EndProject
Project("{FAE04EC0-301F-11D3-BF4B-00C04F79EFBC}") = "zzUnitTest", "zzUnitTest\zzUnitTest.csproj", "{56C7B23D-52E1-498E-8336-A49C424F1B28}"
EndProject
Project("{FAE04EC0-301F-11D3-BF4B-00C04F79EFBC}") = "MVC02.IOC", "MVC02.IOC\MVC02.IOC.csproj", "{13C60177-4200-4105-98F6-D89DFF781284}"
EndProject
Project("{FAE04EC0-301F-11D3-BF4B-00C04F79EFBC}") = "MVC02.DAL", "MVC02.DAL\MVC02.DAL.csproj", "{FA10BB14-3CA9-43EF-BB19-A483D04CB53C}"
EndProject
Global
	GlobalSection(SolutionConfigurationPlatforms) = preSolution
		Debug|Any CPU = Debug|Any CPU
		DEV|Any CPU = DEV|Any CPU
		PROD|Any CPU = PROD|Any CPU
		QA|Any CPU = QA|Any CPU
		STG|Any CPU = STG|Any CPU
	EndGlobalSection
	GlobalSection(ProjectConfigurationPlatforms) = postSolution
		{31A8769F-9E24-4DDF-9188-F21E226FF032}.Debug|Any CPU.ActiveCfg = Debug|Any CPU
		{31A8769F-9E24-4DDF-9188-F21E226FF032}.Debug|Any CPU.Build.0 = Debug|Any CPU
		{31A8769F-9E24-4DDF-9188-F21E226FF032}.DEV|Any CPU.ActiveCfg = DEV|Any CPU
		{31A8769F-9E24-4DDF-9188-F21E226FF032}.DEV|Any CPU.Build.0 = DEV|Any CPU
		{31A8769F-9E24-4DDF-9188-F21E226FF032}.PROD|Any CPU.ActiveCfg = PROD|Any CPU
		{31A8769F-9E24-4DDF-9188-F21E226FF032}.PROD|Any CPU.Build.0 = PROD|Any CPU
		{31A8769F-9E24-4DDF-9188-F21E226FF032}.QA|Any CPU.ActiveCfg = QA|Any CPU
		{31A8769F-9E24-4DDF-9188-F21E226FF032}.QA|Any CPU.Build.0 = QA|Any CPU
		{31A8769F-9E24-4DDF-9188-F21E226FF032}.STG|Any CPU.ActiveCfg = STG|Any CPU
		{31A8769F-9E24-4DDF-9188-F21E226FF032}.STG|Any CPU.Build.0 = STG|Any CPU
		{56C7B23D-52E1-498E-8336-A49C424F1B28}.Debug|Any CPU.ActiveCfg = Debug|Any CPU
		{56C7B23D-52E1-498E-8336-A49C424F1B28}.Debug|Any CPU.Build.0 = Debug|Any CPU
		{56C7B23D-52E1-498E-8336-A49C424F1B28}.DEV|Any CPU.ActiveCfg = DEV|Any CPU
		{56C7B23D-52E1-498E-8336-A49C424F1B28}.DEV|Any CPU.Build.0 = DEV|Any CPU
		{56C7B23D-52E1-498E-8336-A49C424F1B28}.PROD|Any CPU.ActiveCfg = PROD|Any CPU
		{56C7B23D-52E1-498E-8336-A49C424F1B28}.PROD|Any CPU.Build.0 = PROD|Any CPU
		{56C7B23D-52E1-498E-8336-A49C424F1B28}.QA|Any CPU.ActiveCfg = QA|Any CPU
		{56C7B23D-52E1-498E-8336-A49C424F1B28}.QA|Any CPU.Build.0 = QA|Any CPU
		{56C7B23D-52E1-498E-8336-A49C424F1B28}.STG|Any CPU.ActiveCfg = STG|Any CPU
		{56C7B23D-52E1-498E-8336-A49C424F1B28}.STG|Any CPU.Build.0 = STG|Any CPU
		{13C60177-4200-4105-98F6-D89DFF781284}.Debug|Any CPU.ActiveCfg = Debug|Any CPU
		{13C60177-4200-4105-98F6-D89DFF781284}.Debug|Any CPU.Build.0 = Debug|Any CPU
		{13C60177-4200-4105-98F6-D89DFF781284}.DEV|Any CPU.ActiveCfg = DEV|Any CPU
		{13C60177-4200-4105-98F6-D89DFF781284}.DEV|Any CPU.Build.0 = DEV|Any CPU
		{13C60177-4200-4105-98F6-D89DFF781284}.PROD|Any CPU.ActiveCfg = PROD|Any CPU
		{13C60177-4200-4105-98F6-D89DFF781284}.PROD|Any CPU.Build.0 = PROD|Any CPU
		{13C60177-4200-4105-98F6-D89DFF781284}.QA|Any CPU.ActiveCfg = QA|Any CPU
		{13C60177-4200-4105-98F6-D89DFF781284}.QA|Any CPU.Build.0 = QA|Any CPU
		{13C60177-4200-4105-98F6-D89DFF781284}.STG|Any CPU.ActiveCfg = STG|Any CPU
		{13C60177-4200-4105-98F6-D89DFF781284}.STG|Any CPU.Build.0 = STG|Any CPU
		{FA10BB14-3CA9-43EF-BB19-A483D04CB53C}.Debug|Any CPU.ActiveCfg = Debug|Any CPU
		{FA10BB14-3CA9-43EF-BB19-A483D04CB53C}.Debug|Any CPU.Build.0 = Debug|Any CPU
		{FA10BB14-3CA9-43EF-BB19-A483D04CB53C}.DEV|Any CPU.ActiveCfg = DEV|Any CPU
		{FA10BB14-3CA9-43EF-BB19-A483D04CB53C}.DEV|Any CPU.Build.0 = DEV|Any CPU
		{FA10BB14-3CA9-43EF-BB19-A483D04CB53C}.PROD|Any CPU.ActiveCfg = PROD|Any CPU
		{FA10BB14-3CA9-43EF-BB19-A483D04CB53C}.PROD|Any CPU.Build.0 = PROD|Any CPU
		{FA10BB14-3CA9-43EF-BB19-A483D04CB53C}.QA|Any CPU.ActiveCfg = QA|Any CPU
		{FA10BB14-3CA9-43EF-BB19-A483D04CB53C}.QA|Any CPU.Build.0 = QA|Any CPU
		{FA10BB14-3CA9-43EF-BB19-A483D04CB53C}.STG|Any CPU.ActiveCfg = STG|Any CPU
		{FA10BB14-3CA9-43EF-BB19-A483D04CB53C}.STG|Any CPU.Build.0 = STG|Any CPU
	EndGlobalSection
	GlobalSection(SolutionProperties) = preSolution
		HideSolutionNode = FALSE
	EndGlobalSection
EndGlobal
